
Microsoft Visual Studio Solution File, Format Version 12.00
# Visual Studio Version 16
VisualStudioVersion = 16.0.30523.141
MinimumVisualStudioVersion = 10.0.40219.1
Project("{FAE04EC0-301F-11D3-BF4B-00C04F79EFBC}") = "COM3D2.ExPresetLoad.Plugin", "COM3D2.ExPresetLoad.Plugin\COM3D2.ExPresetLoad.Plugin.csproj", "{0CD35227-C6C9-4458-BFC2-E48B58CD4BEF}"
EndProject
Global
	GlobalSection(SolutionConfigurationPlatforms) = preSolution
		Debug|Any CPU = Debug|Any CPU
		Release|Any CPU = Release|Any CPU
	EndGlobalSection
	GlobalSection(ProjectConfigurationPlatforms) = postSolution
		{0CD35227-C6C9-4458-BFC2-E48B58CD4BEF}.Debug|Any CPU.ActiveCfg = Debug|Any CPU
		{0CD35227-C6C9-4458-BFC2-E48B58CD4BEF}.Debug|Any CPU.Build.0 = Debug|Any CPU
		{0CD35227-C6C9-4458-BFC2-E48B58CD4BEF}.Release|Any CPU.ActiveCfg = Release|Any CPU
		{0CD35227-C6C9-4458-BFC2-E48B58CD4BEF}.Release|Any CPU.Build.0 = Release|Any CPU
	EndGlobalSection
	GlobalSection(SolutionProperties) = preSolution
		HideSolutionNode = FALSE
	EndGlobalSection
	GlobalSection(ExtensibilityGlobals) = postSolution
		SolutionGuid = {89191D39-0E27-4485-976B-DCEE3009005A}
	EndGlobalSection
EndGlobal
